
Microsoft Visual Studio Solution File, Format Version 12.00
# Visual Studio Version 17
VisualStudioVersion = 17.13.35931.197 d17.13
MinimumVisualStudioVersion = 10.0.40219.1
Project("{FAE04EC0-301F-11D3-BF4B-00C04F79EFBC}") = "WebApiApp01", "WebApiApp01\WebApiApp01.csproj", "{BB32E3D4-4AEC-4777-A5DD-6295E6659D11}"
EndProject
Project("{FAE04EC0-301F-11D3-BF4B-00C04F79EFBC}") = "WebApiApp02", "WebApiApp02\WebApiApp02.csproj", "{2B3D3A0D-CE10-4763-A93A-D0988FD8D115}"
EndProject
Project("{FAE04EC0-301F-11D3-BF4B-00C04F79EFBC}") = "WebApiApp03", "WebApiApp03\WebApiApp03.csproj", "{E580239B-CA66-44EF-8B48-0E2CC60655B4}"
EndProject
Global
	GlobalSection(SolutionConfigurationPlatforms) = preSolution
		Debug|Any CPU = Debug|Any CPU
		Release|Any CPU = Release|Any CPU
	EndGlobalSection
	GlobalSection(ProjectConfigurationPlatforms) = postSolution
		{BB32E3D4-4AEC-4777-A5DD-6295E6659D11}.Debug|Any CPU.ActiveCfg = Debug|Any CPU
		{BB32E3D4-4AEC-4777-A5DD-6295E6659D11}.Debug|Any CPU.Build.0 = Debug|Any CPU
		{BB32E3D4-4AEC-4777-A5DD-6295E6659D11}.Release|Any CPU.ActiveCfg = Release|Any CPU
		{BB32E3D4-4AEC-4777-A5DD-6295E6659D11}.Release|Any CPU.Build.0 = Release|Any CPU
		{2B3D3A0D-CE10-4763-A93A-D0988FD8D115}.Debug|Any CPU.ActiveCfg = Debug|Any CPU
		{2B3D3A0D-CE10-4763-A93A-D0988FD8D115}.Debug|Any CPU.Build.0 = Debug|Any CPU
		{2B3D3A0D-CE10-4763-A93A-D0988FD8D115}.Release|Any CPU.ActiveCfg = Release|Any CPU
		{2B3D3A0D-CE10-4763-A93A-D0988FD8D115}.Release|Any CPU.Build.0 = Release|Any CPU
		{E580239B-CA66-44EF-8B48-0E2CC60655B4}.Debug|Any CPU.ActiveCfg = Debug|Any CPU
		{E580239B-CA66-44EF-8B48-0E2CC60655B4}.Debug|Any CPU.Build.0 = Debug|Any CPU
		{E580239B-CA66-44EF-8B48-0E2CC60655B4}.Release|Any CPU.ActiveCfg = Release|Any CPU
		{E580239B-CA66-44EF-8B48-0E2CC60655B4}.Release|Any CPU.Build.0 = Release|Any CPU
	EndGlobalSection
	GlobalSection(SolutionProperties) = preSolution
		HideSolutionNode = FALSE
	EndGlobalSection
	GlobalSection(ExtensibilityGlobals) = postSolution
		SolutionGuid = {9C2DD847-5751-4504-BCCD-2A9291711CAA}
	EndGlobalSection
EndGlobal
